
Microsoft Visual Studio Solution File, Format Version 12.00
# Visual Studio 15
Project("{FAE04EC0-301F-11D3-BF4B-00C04F79EFBC}") = "Assembly-CSharp", "Assembly-CSharp.csproj", "{73526A0F-F3F1-65C0-78ED-FEEA0097CEB5}"
EndProject
Project("{FAE04EC0-301F-11D3-BF4B-00C04F79EFBC}") = "Substance.EditorHelper", "Substance.EditorHelper.csproj", "{A35754BA-A5A9-5CC8-6057-A0D4D0DFE5FE}"
EndProject
Project("{FAE04EC0-301F-11D3-BF4B-00C04F79EFBC}") = "Substance.Platform", "Substance.Platform.csproj", "{D55D9635-215A-D20B-3AFD-4BE6C862A94B}"
EndProject
Project("{FAE04EC0-301F-11D3-BF4B-00C04F79EFBC}") = "Assembly-CSharp-Editor", "Assembly-CSharp-Editor.csproj", "{6AFF1585-911B-EA75-A445-38B9A8458307}"
EndProject
Global
	GlobalSection(SolutionConfigurationPlatforms) = preSolution
		Debug|Any CPU = Debug|Any CPU
		Release|Any CPU = Release|Any CPU
	EndGlobalSection
	GlobalSection(ProjectConfigurationPlatforms) = postSolution
		{73526A0F-F3F1-65C0-78ED-FEEA0097CEB5}.Debug|Any CPU.ActiveCfg = Debug|Any CPU
		{73526A0F-F3F1-65C0-78ED-FEEA0097CEB5}.Debug|Any CPU.Build.0 = Debug|Any CPU
		{73526A0F-F3F1-65C0-78ED-FEEA0097CEB5}.Release|Any CPU.ActiveCfg = Release|Any CPU
		{73526A0F-F3F1-65C0-78ED-FEEA0097CEB5}.Release|Any CPU.Build.0 = Release|Any CPU
		{A35754BA-A5A9-5CC8-6057-A0D4D0DFE5FE}.Debug|Any CPU.ActiveCfg = Debug|Any CPU
		{A35754BA-A5A9-5CC8-6057-A0D4D0DFE5FE}.Debug|Any CPU.Build.0 = Debug|Any CPU
		{A35754BA-A5A9-5CC8-6057-A0D4D0DFE5FE}.Release|Any CPU.ActiveCfg = Release|Any CPU
		{A35754BA-A5A9-5CC8-6057-A0D4D0DFE5FE}.Release|Any CPU.Build.0 = Release|Any CPU
		{D55D9635-215A-D20B-3AFD-4BE6C862A94B}.Debug|Any CPU.ActiveCfg = Debug|Any CPU
		{D55D9635-215A-D20B-3AFD-4BE6C862A94B}.Debug|Any CPU.Build.0 = Debug|Any CPU
		{D55D9635-215A-D20B-3AFD-4BE6C862A94B}.Release|Any CPU.ActiveCfg = Release|Any CPU
		{D55D9635-215A-D20B-3AFD-4BE6C862A94B}.Release|Any CPU.Build.0 = Release|Any CPU
		{6AFF1585-911B-EA75-A445-38B9A8458307}.Debug|Any CPU.ActiveCfg = Debug|Any CPU
		{6AFF1585-911B-EA75-A445-38B9A8458307}.Debug|Any CPU.Build.0 = Debug|Any CPU
		{6AFF1585-911B-EA75-A445-38B9A8458307}.Release|Any CPU.ActiveCfg = Release|Any CPU
		{6AFF1585-911B-EA75-A445-38B9A8458307}.Release|Any CPU.Build.0 = Release|Any CPU
	EndGlobalSection
	GlobalSection(SolutionProperties) = preSolution
		HideSolutionNode = FALSE
	EndGlobalSection
EndGlobal
